
Microsoft Visual Studio Solution File, Format Version 12.00
# Visual Studio Version 16
VisualStudioVersion = 16.0.30128.74
MinimumVisualStudioVersion = 10.0.40219.1
Project("{FAE04EC0-301F-11D3-BF4B-00C04F79EFBC}") = "WindowsFormsApp1Vlad", "WindowsFormsApp1Vlad\WindowsFormsApp1Vlad.csproj", "{5F57B6AC-7AC8-407F-8F7F-27C9EDA02A4C}"
EndProject
Global
	GlobalSection(SolutionConfigurationPlatforms) = preSolution
		Debug|Any CPU = Debug|Any CPU
		Release|Any CPU = Release|Any CPU
	EndGlobalSection
	GlobalSection(ProjectConfigurationPlatforms) = postSolution
		{5F57B6AC-7AC8-407F-8F7F-27C9EDA02A4C}.Debug|Any CPU.ActiveCfg = Debug|Any CPU
		{5F57B6AC-7AC8-407F-8F7F-27C9EDA02A4C}.Debug|Any CPU.Build.0 = Debug|Any CPU
		{5F57B6AC-7AC8-407F-8F7F-27C9EDA02A4C}.Release|Any CPU.ActiveCfg = Release|Any CPU
		{5F57B6AC-7AC8-407F-8F7F-27C9EDA02A4C}.Release|Any CPU.Build.0 = Release|Any CPU
	EndGlobalSection
	GlobalSection(SolutionProperties) = preSolution
		HideSolutionNode = FALSE
	EndGlobalSection
	GlobalSection(ExtensibilityGlobals) = postSolution
		SolutionGuid = {63FAE9D0-C8A1-41D7-8E0D-DADC98FC0B8A}
	EndGlobalSection
EndGlobal
